Microsoft Visual Studio Solution File, Format Version 11.00
# Visual Studio 2008

Project("{1D4CA8F3-FF08-7F68-9466-E1835CB64520}") = "Scurge of the Shadows 2.0", "Assembly-CSharp-firstpass-vs.csproj", "{40BF9E76-DF2B-5D03-A56D-5DD01E6C69BA}"
EndProject
Project("{1D4CA8F3-FF08-7F68-9466-E1835CB64520}") = "Scurge of the Shadows 2.0", "Assembly-CSharp-vs.csproj", "{770AE2D4-8551-9EBF-BDDD-1FD4B3FE7865}"
EndProject
Project("{1D4CA8F3-FF08-7F68-9466-E1835CB64520}") = "Scurge of the Shadows 2.0", "Assembly-CSharp-Editor-firstpass-vs.csproj", "{60268FCB-F46D-3FDB-31F0-BC246AF39933}"
EndProject
Project("{1D4CA8F3-FF08-7F68-9466-E1835CB64520}") = "Scurge of the Shadows 2.0", "Assembly-CSharp-Editor-vs.csproj", "{7C01C772-697B-40AB-367D-221409AC4A9D}"
EndProject
Global
	GlobalSection(SolutionConfigurationPlatforms) = preSolution
		Debug|Any CPU = Debug|Any CPU
		Release|Any CPU = Release|Any CPU
	EndGlobalSection
	GlobalSection(ProjectConfigurationPlatforms) = postSolution
		{40BF9E76-DF2B-5D03-A56D-5DD01E6C69BA}.Debug|Any CPU.ActiveCfg = Debug|Any CPU
		{40BF9E76-DF2B-5D03-A56D-5DD01E6C69BA}.Debug|Any CPU.Build.0 = Debug|Any CPU
		{40BF9E76-DF2B-5D03-A56D-5DD01E6C69BA}.Release|Any CPU.ActiveCfg = Release|Any CPU
		{40BF9E76-DF2B-5D03-A56D-5DD01E6C69BA}.Release|Any CPU.Build.0 = Release|Any CPU
		{770AE2D4-8551-9EBF-BDDD-1FD4B3FE7865}.Debug|Any CPU.ActiveCfg = Debug|Any CPU
		{770AE2D4-8551-9EBF-BDDD-1FD4B3FE7865}.Debug|Any CPU.Build.0 = Debug|Any CPU
		{770AE2D4-8551-9EBF-BDDD-1FD4B3FE7865}.Release|Any CPU.ActiveCfg = Release|Any CPU
		{770AE2D4-8551-9EBF-BDDD-1FD4B3FE7865}.Release|Any CPU.Build.0 = Release|Any CPU
		{60268FCB-F46D-3FDB-31F0-BC246AF39933}.Debug|Any CPU.ActiveCfg = Debug|Any CPU
		{60268FCB-F46D-3FDB-31F0-BC246AF39933}.Debug|Any CPU.Build.0 = Debug|Any CPU
		{60268FCB-F46D-3FDB-31F0-BC246AF39933}.Release|Any CPU.ActiveCfg = Release|Any CPU
		{60268FCB-F46D-3FDB-31F0-BC246AF39933}.Release|Any CPU.Build.0 = Release|Any CPU
		{7C01C772-697B-40AB-367D-221409AC4A9D}.Debug|Any CPU.ActiveCfg = Debug|Any CPU
		{7C01C772-697B-40AB-367D-221409AC4A9D}.Debug|Any CPU.Build.0 = Debug|Any CPU
		{7C01C772-697B-40AB-367D-221409AC4A9D}.Release|Any CPU.ActiveCfg = Release|Any CPU
		{7C01C772-697B-40AB-367D-221409AC4A9D}.Release|Any CPU.Build.0 = Release|Any CPU
	EndGlobalSection
	GlobalSection(SolutionProperties) = preSolution
		HideSolutionNode = FALSE
	EndGlobalSection
																																																																																																																																GlobalSection(MonoDevelopProperties) = preSolution
		StartupItem = Assembly-CSharp.csproj
		Policies = $0
		$0.TextStylePolicy = $1
		$1.FileWidth = 120
		$1.EolMarker = Unix
		$1.inheritsSet = Mono
		$1.inheritsScope = text/plain
		$1.scope = text/x-csharp
		$0.CSharpFormattingPolicy = $2
		$2.inheritsSet = Mono
		$2.inheritsScope = text/x-csharp
		$2.scope = text/x-csharp
		$0.TextStylePolicy = $3
		$3.FileWidth = 120
		$3.TabWidth = 4
		$3.EolMarker = Unix
		$3.inheritsSet = Mono
		$3.inheritsScope = text/plain
		$3.scope = text/plain
		$0.VersionControlPolicy = $4
		$4.inheritsSet = Mono
	EndGlobalSection

EndGlobal
